<?xml version="1.0" encoding="utf-8"?>
<Project ToolsVersion="4.0" xmlns="http://schemas.microsoft.com/developer/msbuild/2003">
  <ItemGroup>
    <Filter Include="Header Files">
      <UniqueIdentifier>{93995380-89BD-4b04-88EB-625FBE52EBFB}</UniqueIdentifier>
      <Extensions>h;hh;hpp;hxx;h++;hm;inl;inc;ipp;xsd</Extensions>
    </Filter>
    <Filter Include="Resource Files">
      <UniqueIdentifier>{67DA6AB6-F800-4c08-8B7A-83BB121AAD01}</UniqueIdentifier>
      <Extensions>rc;ico;cur;bmp;dlg;rc2;rct;bin;rgs;gif;jpg;jpeg;jpe;resx;tiff;tif;png;wav;mfcribbon-ms</Extensions>
    </Filter>
    <Filter Include="Cargos">
      <UniqueIdentifier>{9c43612f-bcca-42fe-82ec-d99680936948}</UniqueIdentifier>
    </Filter>
    <Filter Include="Trucks">
      <UniqueIdentifier>{45b51cea-605a-4661-b4dd-c8867244e666}</UniqueIdentifier>
    </Filter>
    <Filter Include="DS">
      <UniqueIdentifier>{e1d71bdf-6b6a-46ec-af60-d450a87cf169}</UniqueIdentifier>
    </Filter>
    <Filter Include="Event">
      <UniqueIdentifier>{8827d181-46e6-40bc-97f9-cbd6a364cf46}</UniqueIdentifier>
    </Filter>
    <Filter Include="Company">
      <UniqueIdentifier>{4FC737F1-C7A5-4376-A066-2A32D752A2FF}</UniqueIdentifier>
      <Extensions>cpp;c;cc;cxx;c++;cppm;ixx;def;odl;idl;hpj;bat;asm;asmx</Extensions>
    </Filter>
    <Filter Include="UI">
      <UniqueIdentifier>{a31526db-4957-48bf-a579-ad7d65c410cc}</UniqueIdentifier>
    </Filter>
    <Filter Include="Simulation">
      <UniqueIdentifier>{e63d46ba-a551-4489-b5c6-47fba0304948}</UniqueIdentifier>
    </Filter>
    <Filter Include="TestCases_Save">
      <UniqueIdentifier>{0ccd6452-91e1-4a68-b4d1-4869f014292e}</UniqueIdentifier>
    </Filter>
  </ItemGroup>
  <ItemGroup>
    <ClInclude Include="Cargo.h">
      <Filter>Cargos</Filter>
    </ClInclude>
    <ClInclude Include="Truck.h">
      <Filter>Trucks</Filter>
    </ClInclude>
    <ClInclude Include="Queue.h">
      <Filter>DS</Filter>
    </ClInclude>
    <ClInclude Include="PriorityQueue.h">
      <Filter>DS</Filter>
    </ClInclude>
    <ClInclude Include="PriorityQueueADT.h">
      <Filter>DS</Filter>
    </ClInclude>
    <ClInclude Include="Node.h">
      <Filter>DS</Filter>
    </ClInclude>
    <ClInclude Include="QueueADT.h">
      <Filter>DS</Filter>
    </ClInclude>
    <ClInclude Include="ListADT.h">
      <Filter>DS</Filter>
    </ClInclude>
    <ClInclude Include="List.h">
      <Filter>DS</Filter>
    </ClInclude>
    <ClInclude Include="Event.h">
      <Filter>Event</Filter>
    </ClInclude>
    <ClInclude Include="Preparation.h">
      <Filter>Event</Filter>
    </ClInclude>
    <ClInclude Include="Cancellation.h">
      <Filter>Event</Filter>
    </ClInclude>
    <ClInclude Include="Promotion.h">
      <Filter>Event</Filter>
    </ClInclude>
    <ClInclude Include="DEFS.h">
      <Filter>Header Files</Filter>
    </ClInclude>
    <ClInclude Include="Company.h">
      <Filter>Company</Filter>
    </ClInclude>
    <ClInclude Include="Time.h">
      <Filter>Company</Filter>
    </ClInclude>
    <ClInclude Include="UI.h">
      <Filter>UI</Filter>
    </ClInclude>
    <ClInclude Include="PQNode.h">
      <Filter>DS</Filter>
    </ClInclude>
    <ClInclude Include="CargoList.h">
      <Filter>DS</Filter>
    </ClInclude>
  </ItemGroup>
  <ItemGroup>
    <ClCompile Include="Cargo.cpp">
      <Filter>Cargos</Filter>
    </ClCompile>
    <ClCompile Include="Truck.cpp">
      <Filter>Trucks</Filter>
    </ClCompile>
    <ClCompile Include="Event.cpp">
      <Filter>Event</Filter>
    </ClCompile>
    <ClCompile Include="Preparation.cpp">
      <Filter>Event</Filter>
    </ClCompile>
    <ClCompile Include="Cancellation.cpp">
      <Filter>Event</Filter>
    </ClCompile>
    <ClCompile Include="Promotion.cpp">
      <Filter>Event</Filter>
    </ClCompile>
    <ClCompile Include="Company.cpp">
      <Filter>Company</Filter>
    </ClCompile>
    <ClCompile Include="Time.cpp">
      <Filter>Company</Filter>
    </ClCompile>
    <ClCompile Include="UI.cpp">
      <Filter>UI</Filter>
    </ClCompile>
    <ClCompile Include="Source.cpp">
      <Filter>Simulation</Filter>
    </ClCompile>
  </ItemGroup>
  <ItemGroup>
    <Text Include="save.txt">
      <Filter>Simulation</Filter>
    </Text>
    <Text Include="test0.txt">
      <Filter>TestCases_Save</Filter>
    </Text>
    <Text Include="testB.txt">
      <Filter>TestCases_Save</Filter>
    </Text>
    <Text Include="testJ.txt">
      <Filter>TestCases_Save</Filter>
    </Text>
    <Text Include="testK.txt">
      <Filter>TestCases_Save</Filter>
    </Text>
    <Text Include="test11.txt">
      <Filter>TestCases_Save</Filter>
    </Text>
    <Text Include="testA.txt">
      <Filter>TestCases_Save</Filter>
    </Text>
    <Text Include="testC.txt">
      <Filter>TestCases_Save</Filter>
    </Text>
    <Text Include="saveA.txt">
      <Filter>TestCases_Save</Filter>
    </Text>
    <Text Include="saveB.txt">
      <Filter>TestCases_Save</Filter>
    </Text>
    <Text Include="saveC.txt">
      <Filter>TestCases_Save</Filter>
    </Text>
    <Text Include="testD.txt">
      <Filter>TestCases_Save</Filter>
    </Text>
    <Text Include="testE.txt">
      <Filter>TestCases_Save</Filter>
    </Text>
    <Text Include="testF.txt">
      <Filter>TestCases_Save</Filter>
    </Text>
    <Text Include="testG.txt">
      <Filter>TestCases_Save</Filter>
    </Text>
    <Text Include="testH.txt">
      <Filter>TestCases_Save</Filter>
    </Text>
    <Text Include="testI.txt">
      <Filter>TestCases_Save</Filter>
    </Text>
    <Text Include="saveD.txt">
      <Filter>TestCases_Save</Filter>
    </Text>
    <Text Include="saveE.txt">
      <Filter>TestCases_Save</Filter>
    </Text>
    <Text Include="saveF.txt">
      <Filter>TestCases_Save</Filter>
    </Text>
    <Text Include="saveG.txt">
      <Filter>TestCases_Save</Filter>
    </Text>
    <Text Include="saveH.txt">
      <Filter>TestCases_Save</Filter>
    </Text>
    <Text Include="saveI.txt">
      <Filter>TestCases_Save</Filter>
    </Text>
    <Text Include="saveJ.txt">
      <Filter>TestCases_Save</Filter>
    </Text>
    <Text Include="saveK.txt">
      <Filter>TestCases_Save</Filter>
    </Text>
  </ItemGroup>
</Project>